
Microsoft Visual Studio Solution File, Format Version 12.00
# Visual Studio Version 17
VisualStudioVersion = 17.12.35521.163 d17.12
MinimumVisualStudioVersion = 10.0.40219.1
Project("{FAE04EC0-301F-11D3-BF4B-00C04F79EFBC}") = "dars9", "dars9\dars9.csproj", "{82193012-B2E7-480B-89D3-2B8EE9CE9F22}"
EndProject
Project("{2150E333-8FDC-42A3-9474-1A3956D46DE8}") = "Solution Items", "Solution Items", "{CD1AD098-BD45-4B37-A807-4FE5ADF969AA}"
EndProject
Global
	GlobalSection(SolutionConfigurationPlatforms) = preSolution
		Debug|Any CPU = Debug|Any CPU
		Release|Any CPU = Release|Any CPU
	EndGlobalSection
	GlobalSection(ProjectConfigurationPlatforms) = postSolution
		{82193012-B2E7-480B-89D3-2B8EE9CE9F22}.Debug|Any CPU.ActiveCfg = Debug|Any CPU
		{82193012-B2E7-480B-89D3-2B8EE9CE9F22}.Debug|Any CPU.Build.0 = Debug|Any CPU
		{82193012-B2E7-480B-89D3-2B8EE9CE9F22}.Release|Any CPU.ActiveCfg = Release|Any CPU
		{82193012-B2E7-480B-89D3-2B8EE9CE9F22}.Release|Any CPU.Build.0 = Release|Any CPU
	EndGlobalSection
	GlobalSection(SolutionProperties) = preSolution
		HideSolutionNode = FALSE
	EndGlobalSection
EndGlobal
