
Microsoft Visual Studio Solution File, Format Version 12.00
# Visual Studio Version 17
VisualStudioVersion = 17.12.35521.163 d17.12
MinimumVisualStudioVersion = 10.0.40219.1
Project("{FAE04EC0-301F-11D3-BF4B-00C04F79EFBC}") = "2.8 dars", "2.8 dars\2.8 dars.csproj", "{54B36178-44A3-4F5F-98AD-01CC39C74FC1}"
EndProject
Project("{2150E333-8FDC-42A3-9474-1A3956D46DE8}") = "Solution Items", "Solution Items", "{F07D3F8C-A415-4A64-8EB8-57948C08BC39}"
	ProjectSection(SolutionItems) = preProject
		dars.txt = dars.txt
	EndProjectSection
EndProject
Global
	GlobalSection(SolutionConfigurationPlatforms) = preSolution
		Debug|Any CPU = Debug|Any CPU
		Release|Any CPU = Release|Any CPU
	EndGlobalSection
	GlobalSection(ProjectConfigurationPlatforms) = postSolution
		{54B36178-44A3-4F5F-98AD-01CC39C74FC1}.Debug|Any CPU.ActiveCfg = Debug|Any CPU
		{54B36178-44A3-4F5F-98AD-01CC39C74FC1}.Debug|Any CPU.Build.0 = Debug|Any CPU
		{54B36178-44A3-4F5F-98AD-01CC39C74FC1}.Release|Any CPU.ActiveCfg = Release|Any CPU
		{54B36178-44A3-4F5F-98AD-01CC39C74FC1}.Release|Any CPU.Build.0 = Release|Any CPU
	EndGlobalSection
	GlobalSection(SolutionProperties) = preSolution
		HideSolutionNode = FALSE
	EndGlobalSection
EndGlobal
